
Microsoft Visual Studio Solution File, Format Version 12.00
# Visual Studio 15
VisualStudioVersion = 15.0.27130.2020
MinimumVisualStudioVersion = 10.0.40219.1
Project("{FAE04EC0-301F-11D3-BF4B-00C04F79EFBC}") = "trening2", "trening2\trening2.csproj", "{BA937FC0-8754-4284-AC2D-B10EBA45CD31}"
EndProject
Global
	GlobalSection(SolutionConfigurationPlatforms) = preSolution
		Debug|Any CPU = Debug|Any CPU
		Release|Any CPU = Release|Any CPU
	EndGlobalSection
	GlobalSection(ProjectConfigurationPlatforms) = postSolution
		{BA937FC0-8754-4284-AC2D-B10EBA45CD31}.Debug|Any CPU.ActiveCfg = Debug|Any CPU
		{BA937FC0-8754-4284-AC2D-B10EBA45CD31}.Debug|Any CPU.Build.0 = Debug|Any CPU
		{BA937FC0-8754-4284-AC2D-B10EBA45CD31}.Release|Any CPU.ActiveCfg = Release|Any CPU
		{BA937FC0-8754-4284-AC2D-B10EBA45CD31}.Release|Any CPU.Build.0 = Release|Any CPU
	EndGlobalSection
	GlobalSection(SolutionProperties) = preSolution
		HideSolutionNode = FALSE
	EndGlobalSection
	GlobalSection(ExtensibilityGlobals) = postSolution
		SolutionGuid = {67E88A25-510A-426C-B2CF-4BD7AF3BD681}
	EndGlobalSection
EndGlobal
